// !$*UTF8*$!
{
	archiveVersion = 1;
	classes = {
	};
	objectVersion = 55;
	objects = {

/* Begin PBXBuildFile section */
		6528C84229CDCA82001EE273 /* MyTableViewCell.swift in Sources */ = {isa = PBXBuildFile; fileRef = 6528C84129CDCA82001EE273 /* MyTableViewCell.swift */; };
		655D601829CD805200ABABF2 /* AppDelegate.swift in Sources */ = {isa = PBXBuildFile; fileRef = 655D601729CD805200ABABF2 /* AppDelegate.swift */; };
		655D601A29CD805200ABABF2 /* SceneDelegate.swift in Sources */ = {isa = PBXBuildFile; fileRef = 655D601929CD805200ABABF2 /* SceneDelegate.swift */; };
		655D601C29CD805200ABABF2 /* ViewController.swift in Sources */ = {isa = PBXBuildFile; fileRef = 655D601B29CD805200ABABF2 /* ViewController.swift */; };
		655D601F29CD805200ABABF2 /* Main.storyboard in Resources */ = {isa = PBXBuildFile; fileRef = 655D601D29CD805200ABABF2 /* Main.storyboard */; };
		655D602129CD805400ABABF2 /* Assets.xcassets in Resources */ = {isa = PBXBuildFile; fileRef = 655D602029CD805400ABABF2 /* Assets.xcassets */; };
		655D602429CD805400ABABF2 /* LaunchScreen.storyboard in Resources */ = {isa = PBXBuildFile; fileRef = 655D602229CD805400ABABF2 /* LaunchScreen.storyboard */; };
		655D602C29CD806E00ABABF2 /* File.swift in Sources */ = {isa = PBXBuildFile; fileRef = 655D602B29CD806E00ABABF2 /* File.swift */; };
		6578EBF729D3FF860094B1FF /* ViewController2.swift in Sources */ = {isa = PBXBuildFile; fileRef = 6578EBF629D3FF860094B1FF /* ViewController2.swift */; };
/* End PBXBuildFile section */

/* Begin PBXFileReference section */
		6528C84129CDCA82001EE273 /* MyTableViewCell.swift */ = {isa = PBXFileReference; lastKnownFileType = sourcecode.swift; path = MyTableViewCell.swift; sourceTree = "<group>"; };
		655D601429CD805200ABABF2 /* countryApi PR4.app */ = {isa = PBXFileReference; explicitFileType = wrapper.application; includeInIndex = 0; path = "countryApi PR4.app"; sourceTree = BUILT_PRODUCTS_DIR; };
		655D601729CD805200ABABF2 /* AppDelegate.swift */ = {isa = PBXFileReference; lastKnownFileType = sourcecode.swift; path = AppDelegate.swift; sourceTree = "<group>"; };
		655D601929CD805200ABABF2 /* SceneDelegate.swift */ = {isa = PBXFileReference; lastKnownFileType = sourcecode.swift; path = SceneDelegate.swift; sourceTree = "<group>"; };
		655D601B29CD805200ABABF2 /* ViewController.swift */ = {isa = PBXFileReference; lastKnownFileType = sourcecode.swift; path = ViewController.swift; sourceTree = "<group>"; };
		655D601E29CD805200ABABF2 /* Base */ = {isa = PBXFileReference; lastKnownFileType = file.storyboard; name = Base; path = Base.lproj/Main.storyboard; sourceTree = "<group>"; };
		655D602029CD805400ABABF2 /* Assets.xcassets */ = {isa = PBXFileReference; lastKnownFileType = folder.assetcatalog; path = Assets.xcassets; sourceTree = "<group>"; };
		655D602329CD805400ABABF2 /* Base */ = {isa = PBXFileReference; lastKnownFileType = file.storyboard; name = Base; path = Base.lproj/LaunchScreen.storyboard; sourceTree = "<group>"; };
		655D602529CD805400ABABF2 /* Info.plist */ = {isa = PBXFileReference; lastKnownFileType = text.plist.xml; path = Info.plist; sourceTree = "<group>"; };
		655D602B29CD806E00ABABF2 /* File.swift */ = {isa = PBXFileReference; lastKnownFileType = sourcecode.swift; path = File.swift; sourceTree = "<group>"; };
		6578EBF629D3FF860094B1FF /* ViewController2.swift */ = {isa = PBXFileReference; lastKnownFileType = sourcecode.swift; path = ViewController2.swift; sourceTree = "<group>"; };
/* End PBXFileReference section */

/* Begin PBXFrameworksBuildPhase section */
		655D601129CD805200ABABF2 /* Frameworks */ = {
			isa = PBXFrameworksBuildPhase;
			buildActionMask = 2147483647;
			files = (
			);
			runOnlyForDeploymentPostprocessing = 0;
		};
/* End PBXFrameworksBuildPhase section */

/* Begin PBXGroup section */
		655D600B29CD805200ABABF2 = {
			isa = PBXGroup;
			children = (
				6578EBF629D3FF860094B1FF /* ViewController2.swift */,
				655D601629CD805200ABABF2 /* countryApi PR4 */,
				655D601529CD805200ABABF2 /* Products */,
			);
			sourceTree = "<group>";
		};
		655D601529CD805200ABABF2 /* Products */ = {
			isa = PBXGroup;
			children = (
				655D601429CD805200ABABF2 /* countryApi PR4.app */,
			);
			name = Products;
			sourceTree = "<group>";
		};
		655D601629CD805200ABABF2 /* countryApi PR4 */ = {
			isa = PBXGroup;
			children = (
				655D601729CD805200ABABF2 /* AppDelegate.swift */,
				655D601929CD805200ABABF2 /* SceneDelegate.swift */,
				655D601B29CD805200ABABF2 /* ViewController.swift */,
				655D601D29CD805200ABABF2 /* Main.storyboard */,
				6528C84129CDCA82001EE273 /* MyTableViewCell.swift */,
				655D602B29CD806E00ABABF2 /* File.swift */,
				655D602029CD805400ABABF2 /* Assets.xcassets */,
				655D602229CD805400ABABF2 /* LaunchScreen.storyboard */,
				655D602529CD805400ABABF2 /* Info.plist */,
			);
			path = "countryApi PR4";
			sourceTree = "<group>";
		};
/* End PBXGroup section */

/* Begin PBXNativeTarget section */
		655D601329CD805200ABABF2 /* countryApi PR4 */ = {
			isa = PBXNativeTarget;
			buildConfigurationList = 655D602829CD805400ABABF2 /* Build configuration list for PBXNativeTarget "countryApi PR4" */;
			buildPhases = (
				655D601029CD805200ABABF2 /* Sources */,
				655D601129CD805200ABABF2 /* Frameworks */,
				655D601229CD805200ABABF2 /* Resources */,
			);
			buildRules = (
			);
			dependencies = (
			);
			name = "countryApi PR4";
			productName = "countryApi PR4";
			productReference = 655D601429CD805200ABABF2 /* countryApi PR4.app */;
			productType = "com.apple.product-type.application";
		};
/* End PBXNativeTarget section */

/* Begin PBXProject section */
		655D600C29CD805200ABABF2 /* Project object */ = {
			isa = PBXProject;
			attributes = {
				BuildIndependentTargetsInParallel = 1;
				LastSwiftUpdateCheck = 1420;
				LastUpgradeCheck = 1420;
				TargetAttributes = {
					655D601329CD805200ABABF2 = {
						CreatedOnToolsVersion = 14.2;
					};
				};
			};
			buildConfigurationList = 655D600F29CD805200ABABF2 /* Build configuration list for PBXProject "countryApi PR4" */;
			compatibilityVersion = "Xcode 13.0";
			developmentRegion = en;
			hasScannedForEncodings = 0;
			knownRegions = (
				en,
				Base,
			);
			mainGroup = 655D600B29CD805200ABABF2;
			productRefGroup = 655D601529CD805200ABABF2 /* Products */;
			projectDirPath = "";
			projectRoot = "";
			targets = (
				655D601329CD805200ABABF2 /* countryApi PR4 */,
			);
		};
/* End PBXProject section */

/* Begin PBXResourcesBuildPhase section */
		655D601229CD805200ABABF2 /* Resources */ = {
			isa = PBXResourcesBuildPhase;
			buildActionMask = 2147483647;
			files = (
				655D602429CD805400ABABF2 /* LaunchScreen.storyboard in Resources */,
				655D602129CD805400ABABF2 /* Assets.xcassets in Resources */,
				655D601F29CD805200ABABF2 /* Main.storyboard in Resources */,
			);
			runOnlyForDeploymentPostprocessing = 0;
		};
/* End PBXResourcesBuildPhase section */

/* Begin PBXSourcesBuildPhase section */
		655D601029CD805200ABABF2 /* Sources */ = {
			isa = PBXSourcesBuildPhase;
			buildActionMask = 2147483647;
			files = (
				655D601C29CD805200ABABF2 /* ViewController.swift in Sources */,
				655D602C29CD806E00ABABF2 /* File.swift in Sources */,
				655D601829CD805200ABABF2 /* AppDelegate.swift in Sources */,
				6528C84229CDCA82001EE273 /* MyTableViewCell.swift in Sources */,
				655D601A29CD805200ABABF2 /* SceneDelegate.swift in Sources */,
				6578EBF729D3FF860094B1FF /* ViewController2.swift in Sources */,
			);
			runOnlyForDeploymentPostprocessing = 0;
		};
/* End PBXSourcesBuildPhase section */

/* Begin PBXVariantGroup section */
		655D601D29CD805200ABABF2 /* Main.storyboard */ = {
			isa = PBXVariantGroup;
			children = (
				655D601E29CD805200ABABF2 /* Base */,
			);
			name = Main.storyboard;
			sourceTree = "<group>";
		};
		655D602229CD805400ABABF2 /* LaunchScreen.storyboard */ = {
			isa = PBXVariantGroup;
			children = (
				655D602329CD805400ABABF2 /* Base */,
			);
			name = LaunchScreen.storyboard;
			sourceTree = "<group>";
		};
/* End PBXVariantGroup section */

/* Begin XCBuildConfiguration section */
		655D602629CD805400ABABF2 /* Debug */ = {
			isa = XCBuildConfiguration;
			buildSettings = {
				ALWAYS_SEARCH_USER_PATHS = NO;
				CLANG_ANALYZER_NONNULL = YES;
				CLANG_ANALYZER_NUMBER_OBJECT_CONVERSION = YES_AGGRESSIVE;
				CLANG_CXX_LANGUAGE_STANDARD = "gnu++20";
				CLANG_ENABLE_MODULES = YES;
				CLANG_ENABLE_OBJC_ARC = YES;
				CLANG_ENABLE_OBJC_WEAK = YES;
				CLANG_WARN_BLOCK_CAPTURE_AUTORELEASING = YES;
				CLANG_WARN_BOOL_CONVERSION = YES;
				CLANG_WARN_COMMA = YES;
				CLANG_WARN_CONSTANT_CONVERSION = YES;
				CLANG_WARN_DEPRECATED_OBJC_IMPLEMENTATIONS = YES;
				CLANG_WARN_DIRECT_OBJC_ISA_USAGE = YES_ERROR;
				CLANG_WARN_DOCUMENTATION_COMMENTS = YES;
				CLANG_WARN_EMPTY_BODY = YES;
				CLANG_WARN_ENUM_CONVERSION = YES;
				CLANG_WARN_INFINITE_RECURSION = YES;
				CLANG_WARN_INT_CONVERSION = YES;
				CLANG_WARN_NON_LITERAL_NULL_CONVERSION = YES;
				CLANG_WARN_OBJC_IMPLICIT_RETAIN_SELF = YES;
				CLANG_WARN_OBJC_LITERAL_CONVERSION = YES;
				CLANG_WARN_OBJC_ROOT_CLASS = YES_ERROR;
				CLANG_WARN_QUOTED_INCLUDE_IN_FRAMEWORK_HEADER = YES;
				CLANG_WARN_RANGE_LOOP_ANALYSIS = YES;
				CLANG_WARN_STRICT_PROTOTYPES = YES;
				CLANG_WARN_SUSPICIOUS_MOVE = YES;
				CLANG_WARN_UNGUARDED_AVAILABILITY = YES_AGGRESSIVE;
				CLANG_WARN_UNREACHABLE_CODE = YES;
				CLANG_WARN__DUPLICATE_METHOD_MATCH = YES;
				COPY_PHASE_STRIP = NO;
				DEBUG_INFORMATION_FORMAT = dwarf;
				ENABLE_STRICT_OBJC_MSGSEND = YES;
				ENABLE_TESTABILITY = YES;
				GCC_C_LANGUAGE_STANDARD = gnu11;
				GCC_DYNAMIC_NO_PIC = NO;
				GCC_NO_COMMON_BLOCKS = YES;
				GCC_OPTIMIZATION_LEVEL = 0;
				GCC_PREPROCESSOR_DEFINITIONS = (
					"DEBUG=1",
					"$(inherited)",
				);
				GCC_WARN_64_TO_32_BIT_CONVERSION = YES;
				GCC_WARN_ABOUT_RETURN_TYPE = YES_ERROR;
				GCC_WARN_UNDECLARED_SELECTOR = YES;
				GCC_WARN_UNINITIALIZED_AUTOS = YES_AGGRESSIVE;
				GCC_WARN_UNUSED_FUNCTION = YES;
				GCC_WARN_UNUSED_VARIABLE = YES;
				IPHONEOS_DEPLOYMENT_TARGET = 16.2;
				MTL_ENABLE_DEBUG_INFO = INCLUDE_SOURCE;
				MTL_FAST_MATH = YES;
				ONLY_ACTIVE_ARCH = YES;
				SDKROOT = iphoneos;
				SWIFT_ACTIVE_COMPILATION_CONDITIONS = DEBUG;
				SWIFT_OPTIMIZATION_LEVEL = "-Onone";
			};
			name = Debug;
		};
		655D602729CD805400ABABF2 /* Release */ = {
			isa = XCBuildConfiguration;
			buildSettings = {
				ALWAYS_SEARCH_USER_PATHS = NO;
				CLANG_ANALYZER_NONNULL = YES;
				CLANG_ANALYZER_NUMBER_OBJECT_CONVERSION = YES_AGGRESSIVE;
				CLANG_CXX_LANGUAGE_STANDARD = "gnu++20";
				CLANG_ENABLE_MODULES = YES;
				CLANG_ENABLE_OBJC_ARC = YES;
				CLANG_ENABLE_OBJC_WEAK = YES;
				CLANG_WARN_BLOCK_CAPTURE_AUTORELEASING = YES;
				CLANG_WARN_BOOL_CONVERSION = YES;
				CLANG_WARN_COMMA = YES;
				CLANG_WARN_CONSTANT_CONVERSION = YES;
				CLANG_WARN_DEPRECATED_OBJC_IMPLEMENTATIONS = YES;
				CLANG_WARN_DIRECT_OBJC_ISA_USAGE = YES_ERROR;
				CLANG_WARN_DOCUMENTATION_COMMENTS = YES;
				CLANG_WARN_EMPTY_BODY = YES;
				CLANG_WARN_ENUM_CONVERSION = YES;
				CLANG_WARN_INFINITE_RECURSION = YES;
				CLANG_WARN_INT_CONVERSION = YES;
				CLANG_WARN_NON_LITERAL_NULL_CONVERSION = YES;
				CLANG_WARN_OBJC_IMPLICIT_RETAIN_SELF = YES;
				CLANG_WARN_OBJC_LITERAL_CONVERSION = YES;
				CLANG_WARN_OBJC_ROOT_CLASS = YES_ERROR;
				CLANG_WARN_QUOTED_INCLUDE_IN_FRAMEWORK_HEADER = YES;
				CLANG_WARN_RANGE_LOOP_ANALYSIS = YES;
				CLANG_WARN_STRICT_PROTOTYPES = YES;
				CLANG_WARN_SUSPICIOUS_MOVE = YES;
				CLANG_WARN_UNGUARDED_AVAILABILITY = YES_AGGRESSIVE;
				CLANG_WARN_UNREACHABLE_CODE = YES;
				CLANG_WARN__DUPLICATE_METHOD_MATCH = YES;
				COPY_PHASE_STRIP = NO;
				DEBUG_INFORMATION_FORMAT = "dwarf-with-dsym";
				ENABLE_NS_ASSERTIONS = NO;
				ENABLE_STRICT_OBJC_MSGSEND = YES;
				GCC_C_LANGUAGE_STANDARD = gnu11;
				GCC_NO_COMMON_BLOCKS = YES;
				GCC_WARN_64_TO_32_BIT_CONVERSION = YES;
				GCC_WARN_ABOUT_RETURN_TYPE = YES_ERROR;
				GCC_WARN_UNDECLARED_SELECTOR = YES;
				GCC_WARN_UNINITIALIZED_AUTOS = YES_AGGRESSIVE;
				GCC_WARN_UNUSED_FUNCTION = YES;
				GCC_WARN_UNUSED_VARIABLE = YES;
				IPHONEOS_DEPLOYMENT_TARGET = 16.2;
				MTL_ENABLE_DEBUG_INFO = NO;
				MTL_FAST_MATH = YES;
				SDKROOT = iphoneos;
				SWIFT_COMPILATION_MODE = wholemodule;
				SWIFT_OPTIMIZATION_LEVEL = "-O";
				VALIDATE_PRODUCT = YES;
			};
			name = Release;
		};
		655D602929CD805400ABABF2 /* Debug */ = {
			isa = XCBuildConfiguration;
			buildSettings = {
				ASSETCATALOG_COMPILER_APPICON_NAME = AppIcon;
				ASSETCATALOG_COMPILER_GLOBAL_ACCENT_COLOR_NAME = AccentColor;
				CODE_SIGN_STYLE = Automatic;
				CURRENT_PROJECT_VERSION = 1;
				DEVELOPMENT_TEAM = 695TV68FU3;
				GENERATE_INFOPLIST_FILE = YES;
				INFOPLIST_FILE = "countryApi PR4/Info.plist";
				INFOPLIST_KEY_UIApplicationSupportsIndirectInputEvents = YES;
				INFOPLIST_KEY_UILaunchStoryboardName = LaunchScreen;
				INFOPLIST_KEY_UIMainStoryboardFile = Main;
				INFOPLIST_KEY_UISupportedInterfaceOrientations_iPad = "UIInterfaceOrientationPortrait UIInterfaceOrientationPortraitUpsideDown UIInterfaceOrientationLandscapeLeft UIInterfaceOrientationLandscapeRight";
				INFOPLIST_KEY_UISupportedInterfaceOrientations_iPhone = "UIInterfaceOrientationPortrait UIInterfaceOrientationLandscapeLeft UIInterfaceOrientationLandscapeRight";
				LD_RUNPATH_SEARCH_PATHS = (
					"$(inherited)",
					"@executable_path/Frameworks",
				);
				MARKETING_VERSION = 1.0;
				PRODUCT_BUNDLE_IDENTIFIER = "rnw.countryApi-PR4";
				PRODUCT_NAME = "$(TARGET_NAME)";
				SWIFT_EMIT_LOC_STRINGS = YES;
				SWIFT_VERSION = 5.0;
				TARGETED_DEVICE_FAMILY = "1,2";
			};
			name = Debug;
		};
		655D602A29CD805400ABABF2 /* Release */ = {
			isa = XCBuildConfiguration;
			buildSettings = {
				ASSETCATALOG_COMPILER_APPICON_NAME = AppIcon;
				ASSETCATALOG_COMPILER_GLOBAL_ACCENT_COLOR_NAME = AccentColor;
				CODE_SIGN_STYLE = Automatic;
				CURRENT_PROJECT_VERSION = 1;
				DEVELOPMENT_TEAM = 695TV68FU3;
				GENERATE_INFOPLIST_FILE = YES;
				INFOPLIST_FILE = "countryApi PR4/Info.plist";
				INFOPLIST_KEY_UIApplicationSupportsIndirectInputEvents = YES;
				INFOPLIST_KEY_UILaunchStoryboardName = LaunchScreen;
				INFOPLIST_KEY_UIMainStoryboardFile = Main;
				INFOPLIST_KEY_UISupportedInterfaceOrientations_iPad = "UIInterfaceOrientationPortrait UIInterfaceOrientationPortraitUpsideDown UIInterfaceOrientationLandscapeLeft UIInterfaceOrientationLandscapeRight";
				INFOPLIST_KEY_UISupportedInterfaceOrientations_iPhone = "UIInterfaceOrientationPortrait UIInterfaceOrientationLandscapeLeft UIInterfaceOrientationLandscapeRight";
				LD_RUNPATH_SEARCH_PATHS = (
					"$(inherited)",
					"@executable_path/Frameworks",
				);
				MARKETING_VERSION = 1.0;
				PRODUCT_BUNDLE_IDENTIFIER = "rnw.countryApi-PR4";
				PRODUCT_NAME = "$(TARGET_NAME)";
				SWIFT_EMIT_LOC_STRINGS = YES;
				SWIFT_VERSION = 5.0;
				TARGETED_DEVICE_FAMILY = "1,2";
			};
			name = Release;
		};
/* End XCBuildConfiguration section */

/* Begin XCConfigurationList section */
		655D600F29CD805200ABABF2 /* Build configuration list for PBXProject "countryApi PR4" */ = {
			isa = XCConfigurationList;
			buildConfigurations = (
				655D602629CD805400ABABF2 /* Debug */,
				655D602729CD805400ABABF2 /* Release */,
			);
			defaultConfigurationIsVisible = 0;
			defaultConfigurationName = Release;
		};
		655D602829CD805400ABABF2 /* Build configuration list for PBXNativeTarget "countryApi PR4" */ = {
			isa = XCConfigurationList;
			buildConfigurations = (
				655D602929CD805400ABABF2 /* Debug */,
				655D602A29CD805400ABABF2 /* Release */,
			);
			defaultConfigurationIsVisible = 0;
			defaultConfigurationName = Release;
		};
/* End XCConfigurationList section */
	};
	rootObject = 655D600C29CD805200ABABF2 /* Project object */;
}
